
Microsoft Visual Studio Solution File, Format Version 12.00
# Visual Studio Version 16
VisualStudioVersion = 16.0.30907.101
MinimumVisualStudioVersion = 10.0.40219.1
Project("{9A19103F-16F7-4668-BE54-9A1E7A4F7556}") = "RayTracer.MathLibrary", "RayTracer.MathLibrary\RayTracer.MathLibrary.csproj", "{C4CAE1C2-2F12-45A0-AF58-B4E078F96986}"
EndProject
Project("{9A19103F-16F7-4668-BE54-9A1E7A4F7556}") = "RayTracer.MathLibrary.Tests", "RayTracer.MathLibrary.Tests\RayTracer.MathLibrary.Tests.csproj", "{DAF1BF59-B91E-43B3-B866-EE5222E1BC76}"
EndProject
Project("{9A19103F-16F7-4668-BE54-9A1E7A4F7556}") = "CannonTestProject", "CannonTestProject\CannonTestProject.csproj", "{420DE72A-809F-4837-BAE4-E3154984C7E1}"
EndProject
Project("{FAE04EC0-301F-11D3-BF4B-00C04F79EFBC}") = "ClockTestProject", "ClockTestProject\ClockTestProject.csproj", "{BC2DCE99-42CA-413E-A8D9-34276CFF6900}"
EndProject
Global
	GlobalSection(SolutionConfigurationPlatforms) = preSolution
		Debug|Any CPU = Debug|Any CPU
		Release|Any CPU = Release|Any CPU
	EndGlobalSection
	GlobalSection(ProjectConfigurationPlatforms) = postSolution
		{C4CAE1C2-2F12-45A0-AF58-B4E078F96986}.Debug|Any CPU.ActiveCfg = Debug|Any CPU
		{C4CAE1C2-2F12-45A0-AF58-B4E078F96986}.Debug|Any CPU.Build.0 = Debug|Any CPU
		{C4CAE1C2-2F12-45A0-AF58-B4E078F96986}.Release|Any CPU.ActiveCfg = Release|Any CPU
		{C4CAE1C2-2F12-45A0-AF58-B4E078F96986}.Release|Any CPU.Build.0 = Release|Any CPU
		{DAF1BF59-B91E-43B3-B866-EE5222E1BC76}.Debug|Any CPU.ActiveCfg = Debug|Any CPU
		{DAF1BF59-B91E-43B3-B866-EE5222E1BC76}.Debug|Any CPU.Build.0 = Debug|Any CPU
		{DAF1BF59-B91E-43B3-B866-EE5222E1BC76}.Release|Any CPU.ActiveCfg = Release|Any CPU
		{DAF1BF59-B91E-43B3-B866-EE5222E1BC76}.Release|Any CPU.Build.0 = Release|Any CPU
		{420DE72A-809F-4837-BAE4-E3154984C7E1}.Debug|Any CPU.ActiveCfg = Debug|Any CPU
		{420DE72A-809F-4837-BAE4-E3154984C7E1}.Debug|Any CPU.Build.0 = Debug|Any CPU
		{420DE72A-809F-4837-BAE4-E3154984C7E1}.Release|Any CPU.ActiveCfg = Release|Any CPU
		{420DE72A-809F-4837-BAE4-E3154984C7E1}.Release|Any CPU.Build.0 = Release|Any CPU
		{BC2DCE99-42CA-413E-A8D9-34276CFF6900}.Debug|Any CPU.ActiveCfg = Debug|Any CPU
		{BC2DCE99-42CA-413E-A8D9-34276CFF6900}.Debug|Any CPU.Build.0 = Debug|Any CPU
		{BC2DCE99-42CA-413E-A8D9-34276CFF6900}.Release|Any CPU.ActiveCfg = Release|Any CPU
		{BC2DCE99-42CA-413E-A8D9-34276CFF6900}.Release|Any CPU.Build.0 = Release|Any CPU
	EndGlobalSection
	GlobalSection(SolutionProperties) = preSolution
		HideSolutionNode = FALSE
	EndGlobalSection
	GlobalSection(ExtensibilityGlobals) = postSolution
		SolutionGuid = {D4CF5206-E920-456D-B047-D1003167D157}
	EndGlobalSection
EndGlobal
